
Microsoft Visual Studio Solution File, Format Version 12.00
# Visual Studio 15
VisualStudioVersion = 15.0.26430.14
MinimumVisualStudioVersion = 10.0.40219.1
Project("{FAE04EC0-301F-11D3-BF4B-00C04F79EFBC}") = "CSharpInDepth", "CSharpInDepth\CSharpInDepth.csproj", "{EAD7B281-4C85-4789-ADAE-C182AA60A685}"
EndProject
Project("{FAE04EC0-301F-11D3-BF4B-00C04F79EFBC}") = "General", "General\General.csproj", "{78CCCE01-3356-4449-990A-ECE56183DFC4}"
EndProject
Project("{FAE04EC0-301F-11D3-BF4B-00C04F79EFBC}") = "NHibernateSandbox", "NHibernateSandbox\NHibernateSandbox.csproj", "{F1B40BC3-6528-42AD-BFD3-7C25DF56FD2D}"
EndProject
Project("{2150E333-8FDC-42A3-9474-1A3956D46DE8}") = "Threading", "Threading", "{E57CA2F8-D100-492C-8099-7243DEB2B884}"
EndProject
Project("{FAE04EC0-301F-11D3-BF4B-00C04F79EFBC}") = "ThreadPool", "ThreadPool\ThreadPool.csproj", "{5164AE77-A7FF-4D48-ABE9-245C1A4902A1}"
EndProject
Project("{FAE04EC0-301F-11D3-BF4B-00C04F79EFBC}") = "Common", "Threading\Common\Common.csproj", "{58F08E5E-1E4F-483D-BCE4-B72002E8A820}"
EndProject
Project("{FAE04EC0-301F-11D3-BF4B-00C04F79EFBC}") = "Manual", "Threading\Manual\Manual.csproj", "{D1F37C02-DF2B-4AC1-9F52-58483C6BAC32}"
EndProject
Global
	GlobalSection(SolutionConfigurationPlatforms) = preSolution
		Debug|Any CPU = Debug|Any CPU
		Release|Any CPU = Release|Any CPU
	EndGlobalSection
	GlobalSection(ProjectConfigurationPlatforms) = postSolution
		{EAD7B281-4C85-4789-ADAE-C182AA60A685}.Debug|Any CPU.ActiveCfg = Debug|Any CPU
		{EAD7B281-4C85-4789-ADAE-C182AA60A685}.Debug|Any CPU.Build.0 = Debug|Any CPU
		{EAD7B281-4C85-4789-ADAE-C182AA60A685}.Release|Any CPU.ActiveCfg = Release|Any CPU
		{EAD7B281-4C85-4789-ADAE-C182AA60A685}.Release|Any CPU.Build.0 = Release|Any CPU
		{78CCCE01-3356-4449-990A-ECE56183DFC4}.Debug|Any CPU.ActiveCfg = Debug|Any CPU
		{78CCCE01-3356-4449-990A-ECE56183DFC4}.Debug|Any CPU.Build.0 = Debug|Any CPU
		{78CCCE01-3356-4449-990A-ECE56183DFC4}.Release|Any CPU.ActiveCfg = Release|Any CPU
		{78CCCE01-3356-4449-990A-ECE56183DFC4}.Release|Any CPU.Build.0 = Release|Any CPU
		{F1B40BC3-6528-42AD-BFD3-7C25DF56FD2D}.Debug|Any CPU.ActiveCfg = Debug|Any CPU
		{F1B40BC3-6528-42AD-BFD3-7C25DF56FD2D}.Debug|Any CPU.Build.0 = Debug|Any CPU
		{F1B40BC3-6528-42AD-BFD3-7C25DF56FD2D}.Release|Any CPU.ActiveCfg = Release|Any CPU
		{F1B40BC3-6528-42AD-BFD3-7C25DF56FD2D}.Release|Any CPU.Build.0 = Release|Any CPU
		{5164AE77-A7FF-4D48-ABE9-245C1A4902A1}.Debug|Any CPU.ActiveCfg = Debug|Any CPU
		{5164AE77-A7FF-4D48-ABE9-245C1A4902A1}.Debug|Any CPU.Build.0 = Debug|Any CPU
		{5164AE77-A7FF-4D48-ABE9-245C1A4902A1}.Release|Any CPU.ActiveCfg = Release|Any CPU
		{5164AE77-A7FF-4D48-ABE9-245C1A4902A1}.Release|Any CPU.Build.0 = Release|Any CPU
		{58F08E5E-1E4F-483D-BCE4-B72002E8A820}.Debug|Any CPU.ActiveCfg = Debug|Any CPU
		{58F08E5E-1E4F-483D-BCE4-B72002E8A820}.Debug|Any CPU.Build.0 = Debug|Any CPU
		{58F08E5E-1E4F-483D-BCE4-B72002E8A820}.Release|Any CPU.ActiveCfg = Release|Any CPU
		{58F08E5E-1E4F-483D-BCE4-B72002E8A820}.Release|Any CPU.Build.0 = Release|Any CPU
		{D1F37C02-DF2B-4AC1-9F52-58483C6BAC32}.Debug|Any CPU.ActiveCfg = Debug|Any CPU
		{D1F37C02-DF2B-4AC1-9F52-58483C6BAC32}.Debug|Any CPU.Build.0 = Debug|Any CPU
		{D1F37C02-DF2B-4AC1-9F52-58483C6BAC32}.Release|Any CPU.ActiveCfg = Release|Any CPU
		{D1F37C02-DF2B-4AC1-9F52-58483C6BAC32}.Release|Any CPU.Build.0 = Release|Any CPU
	EndGlobalSection
	GlobalSection(SolutionProperties) = preSolution
		HideSolutionNode = FALSE
	EndGlobalSection
	GlobalSection(NestedProjects) = preSolution
		{5164AE77-A7FF-4D48-ABE9-245C1A4902A1} = {E57CA2F8-D100-492C-8099-7243DEB2B884}
		{58F08E5E-1E4F-483D-BCE4-B72002E8A820} = {E57CA2F8-D100-492C-8099-7243DEB2B884}
		{D1F37C02-DF2B-4AC1-9F52-58483C6BAC32} = {E57CA2F8-D100-492C-8099-7243DEB2B884}
	EndGlobalSection
EndGlobal
